
Microsoft Visual Studio Solution File, Format Version 12.00
# Visual Studio 15
VisualStudioVersion = 15.0.27703.2035
MinimumVisualStudioVersion = 10.0.40219.1
Project("{FAE04EC0-301F-11D3-BF4B-00C04F79EFBC}") = "twoDimensionalArray", "twoDimensionalArray\twoDimensionalArray.csproj", "{595D9A5F-3418-40FF-B57A-C02E9A6DB5EE}"
EndProject
Global
	GlobalSection(SolutionConfigurationPlatforms) = preSolution
		Debug|Any CPU = Debug|Any CPU
		Release|Any CPU = Release|Any CPU
	EndGlobalSection
	GlobalSection(ProjectConfigurationPlatforms) = postSolution
		{595D9A5F-3418-40FF-B57A-C02E9A6DB5EE}.Debug|Any CPU.ActiveCfg = Debug|Any CPU
		{595D9A5F-3418-40FF-B57A-C02E9A6DB5EE}.Debug|Any CPU.Build.0 = Debug|Any CPU
		{595D9A5F-3418-40FF-B57A-C02E9A6DB5EE}.Release|Any CPU.ActiveCfg = Release|Any CPU
		{595D9A5F-3418-40FF-B57A-C02E9A6DB5EE}.Release|Any CPU.Build.0 = Release|Any CPU
	EndGlobalSection
	GlobalSection(SolutionProperties) = preSolution
		HideSolutionNode = FALSE
	EndGlobalSection
	GlobalSection(ExtensibilityGlobals) = postSolution
		SolutionGuid = {ECB1A10E-D1FE-43A7-9282-FDC72DCC86D9}
	EndGlobalSection
EndGlobal
