
Microsoft Visual Studio Solution File, Format Version 12.00
# Visual Studio 15
VisualStudioVersion = 15.0.27703.2035
MinimumVisualStudioVersion = 10.0.40219.1
Project("{FAE04EC0-301F-11D3-BF4B-00C04F79EFBC}") = "Students", "Students\Students.csproj", "{8E7073B9-7187-4A0A-814D-B14DD060412A}"
EndProject
Project("{FAE04EC0-301F-11D3-BF4B-00C04F79EFBC}") = "pupil", "pupil\pupil.csproj", "{5B873982-7524-44DA-AB41-FA918A4CAC2C}"
EndProject
Project("{FAE04EC0-301F-11D3-BF4B-00C04F79EFBC}") = "group", "group\group.csproj", "{F6DC0FC7-95D1-4775-8BE3-6A09DB0F5244}"
EndProject
Project("{FAE04EC0-301F-11D3-BF4B-00C04F79EFBC}") = "tutor", "tutor\tutor.csproj", "{CFF44A97-463C-4C91-B6FF-CBCEC836B415}"
EndProject
Global
	GlobalSection(SolutionConfigurationPlatforms) = preSolution
		Debug|Any CPU = Debug|Any CPU
		Release|Any CPU = Release|Any CPU
	EndGlobalSection
	GlobalSection(ProjectConfigurationPlatforms) = postSolution
		{8E7073B9-7187-4A0A-814D-B14DD060412A}.Debug|Any CPU.ActiveCfg = Debug|Any CPU
		{8E7073B9-7187-4A0A-814D-B14DD060412A}.Debug|Any CPU.Build.0 = Debug|Any CPU
		{8E7073B9-7187-4A0A-814D-B14DD060412A}.Release|Any CPU.ActiveCfg = Release|Any CPU
		{8E7073B9-7187-4A0A-814D-B14DD060412A}.Release|Any CPU.Build.0 = Release|Any CPU
		{5B873982-7524-44DA-AB41-FA918A4CAC2C}.Debug|Any CPU.ActiveCfg = Debug|Any CPU
		{5B873982-7524-44DA-AB41-FA918A4CAC2C}.Debug|Any CPU.Build.0 = Debug|Any CPU
		{5B873982-7524-44DA-AB41-FA918A4CAC2C}.Release|Any CPU.ActiveCfg = Release|Any CPU
		{5B873982-7524-44DA-AB41-FA918A4CAC2C}.Release|Any CPU.Build.0 = Release|Any CPU
		{F6DC0FC7-95D1-4775-8BE3-6A09DB0F5244}.Debug|Any CPU.ActiveCfg = Debug|Any CPU
		{F6DC0FC7-95D1-4775-8BE3-6A09DB0F5244}.Debug|Any CPU.Build.0 = Debug|Any CPU
		{F6DC0FC7-95D1-4775-8BE3-6A09DB0F5244}.Release|Any CPU.ActiveCfg = Release|Any CPU
		{F6DC0FC7-95D1-4775-8BE3-6A09DB0F5244}.Release|Any CPU.Build.0 = Release|Any CPU
		{CFF44A97-463C-4C91-B6FF-CBCEC836B415}.Debug|Any CPU.ActiveCfg = Debug|Any CPU
		{CFF44A97-463C-4C91-B6FF-CBCEC836B415}.Debug|Any CPU.Build.0 = Debug|Any CPU
		{CFF44A97-463C-4C91-B6FF-CBCEC836B415}.Release|Any CPU.ActiveCfg = Release|Any CPU
		{CFF44A97-463C-4C91-B6FF-CBCEC836B415}.Release|Any CPU.Build.0 = Release|Any CPU
	EndGlobalSection
	GlobalSection(SolutionProperties) = preSolution
		HideSolutionNode = FALSE
	EndGlobalSection
	GlobalSection(ExtensibilityGlobals) = postSolution
		SolutionGuid = {D0F83120-BD56-4B08-8B32-400B5BA24E24}
	EndGlobalSection
EndGlobal
